
Microsoft Visual Studio Solution File, Format Version 12.00
# Visual Studio Version 16
VisualStudioVersion = 16.0.30907.101
MinimumVisualStudioVersion = 10.0.40219.1
Project("{FAE04EC0-301F-11D3-BF4B-00C04F79EFBC}") = "TransactionService", "TransactionService\TransactionService.csproj", "{E899E855-B119-44D9-A33A-1AEB6CFEE279}"
EndProject
Global
	GlobalSection(SolutionConfigurationPlatforms) = preSolution
		Debug|Any CPU = Debug|Any CPU
		Release|Any CPU = Release|Any CPU
	EndGlobalSection
	GlobalSection(ProjectConfigurationPlatforms) = postSolution
		{E899E855-B119-44D9-A33A-1AEB6CFEE279}.Debug|Any CPU.ActiveCfg = Debug|Any CPU
		{E899E855-B119-44D9-A33A-1AEB6CFEE279}.Debug|Any CPU.Build.0 = Debug|Any CPU
		{E899E855-B119-44D9-A33A-1AEB6CFEE279}.Release|Any CPU.ActiveCfg = Release|Any CPU
		{E899E855-B119-44D9-A33A-1AEB6CFEE279}.Release|Any CPU.Build.0 = Release|Any CPU
	EndGlobalSection
	GlobalSection(SolutionProperties) = preSolution
		HideSolutionNode = FALSE
	EndGlobalSection
	GlobalSection(ExtensibilityGlobals) = postSolution
		SolutionGuid = {846239E0-B3E1-43AA-A9CE-300FF282839A}
	EndGlobalSection
EndGlobal
