
Microsoft Visual Studio Solution File, Format Version 12.00
# Visual Studio Version 16
VisualStudioVersion = 16.0.30907.101
MinimumVisualStudioVersion = 10.0.40219.1
Project("{FAE04EC0-301F-11D3-BF4B-00C04F79EFBC}") = "TobinTaxingService", "TobinTaxingService\TobinTaxingService.csproj", "{AF5FF123-DF04-4FAA-8C39-E66AEA74F408}"
EndProject
Global
	GlobalSection(SolutionConfigurationPlatforms) = preSolution
		Debug|Any CPU = Debug|Any CPU
		Release|Any CPU = Release|Any CPU
	EndGlobalSection
	GlobalSection(ProjectConfigurationPlatforms) = postSolution
		{AF5FF123-DF04-4FAA-8C39-E66AEA74F408}.Debug|Any CPU.ActiveCfg = Debug|Any CPU
		{AF5FF123-DF04-4FAA-8C39-E66AEA74F408}.Debug|Any CPU.Build.0 = Debug|Any CPU
		{AF5FF123-DF04-4FAA-8C39-E66AEA74F408}.Release|Any CPU.ActiveCfg = Release|Any CPU
		{AF5FF123-DF04-4FAA-8C39-E66AEA74F408}.Release|Any CPU.Build.0 = Release|Any CPU
	EndGlobalSection
	GlobalSection(SolutionProperties) = preSolution
		HideSolutionNode = FALSE
	EndGlobalSection
	GlobalSection(ExtensibilityGlobals) = postSolution
		SolutionGuid = {71A7B02F-C459-48B9-BC3A-EF421A56D0AB}
	EndGlobalSection
EndGlobal
